
Microsoft Visual Studio Solution File, Format Version 12.00
# Visual Studio Version 16
VisualStudioVersion = 16.0.30413.136
MinimumVisualStudioVersion = 10.0.40219.1
Project("{FAE04EC0-301F-11D3-BF4B-00C04F79EFBC}") = "UserHandler", "UserHandler\UserHandler.csproj", "{0297EE66-4E84-4555-A2B2-F56BDA876CFE}"
EndProject
Project("{FAE04EC0-301F-11D3-BF4B-00C04F79EFBC}") = "UserHandler.Db", "UserHandler.Db\UserHandler.Db.csproj", "{BB477D0F-6B0E-41F1-8D76-8D363AB8A03B}"
EndProject
Global
	GlobalSection(SolutionConfigurationPlatforms) = preSolution
		Debug|Any CPU = Debug|Any CPU
		Release|Any CPU = Release|Any CPU
	EndGlobalSection
	GlobalSection(ProjectConfigurationPlatforms) = postSolution
		{0297EE66-4E84-4555-A2B2-F56BDA876CFE}.Debug|Any CPU.ActiveCfg = Debug|Any CPU
		{0297EE66-4E84-4555-A2B2-F56BDA876CFE}.Debug|Any CPU.Build.0 = Debug|Any CPU
		{0297EE66-4E84-4555-A2B2-F56BDA876CFE}.Release|Any CPU.ActiveCfg = Release|Any CPU
		{0297EE66-4E84-4555-A2B2-F56BDA876CFE}.Release|Any CPU.Build.0 = Release|Any CPU
		{BB477D0F-6B0E-41F1-8D76-8D363AB8A03B}.Debug|Any CPU.ActiveCfg = Debug|Any CPU
		{BB477D0F-6B0E-41F1-8D76-8D363AB8A03B}.Debug|Any CPU.Build.0 = Debug|Any CPU
		{BB477D0F-6B0E-41F1-8D76-8D363AB8A03B}.Release|Any CPU.ActiveCfg = Release|Any CPU
		{BB477D0F-6B0E-41F1-8D76-8D363AB8A03B}.Release|Any CPU.Build.0 = Release|Any CPU
	EndGlobalSection
	GlobalSection(SolutionProperties) = preSolution
		HideSolutionNode = FALSE
	EndGlobalSection
	GlobalSection(ExtensibilityGlobals) = postSolution
		SolutionGuid = {6D9BAA76-ACB9-4243-AAE5-1E264EF04AD6}
	EndGlobalSection
EndGlobal
